
Microsoft Visual Studio Solution File, Format Version 12.00
Project("{FAE04EC0-301F-11D3-BF4B-00C04F79EFBC}") = "Highway.Server", "Highway.Server\Highway.Server.csproj", "{EDCB53AC-5F2C-4212-8BFC-463808638640}"
EndProject
Project("{FAE04EC0-301F-11D3-BF4B-00C04F79EFBC}") = "Highway.Server.Test", "Highway.Server.Test\Highway.Server.Test.csproj", "{9BA471E2-F36D-44B0-8141-363169E84F56}"
EndProject
Global
	GlobalSection(SolutionConfigurationPlatforms) = preSolution
		Debug|Any CPU = Debug|Any CPU
		Release|Any CPU = Release|Any CPU
	EndGlobalSection
	GlobalSection(ProjectConfigurationPlatforms) = postSolution
		{EDCB53AC-5F2C-4212-8BFC-463808638640}.Debug|Any CPU.ActiveCfg = Debug|Any CPU
		{EDCB53AC-5F2C-4212-8BFC-463808638640}.Debug|Any CPU.Build.0 = Debug|Any CPU
		{EDCB53AC-5F2C-4212-8BFC-463808638640}.Release|Any CPU.ActiveCfg = Release|Any CPU
		{EDCB53AC-5F2C-4212-8BFC-463808638640}.Release|Any CPU.Build.0 = Release|Any CPU
		{9BA471E2-F36D-44B0-8141-363169E84F56}.Debug|Any CPU.ActiveCfg = Debug|Any CPU
		{9BA471E2-F36D-44B0-8141-363169E84F56}.Debug|Any CPU.Build.0 = Debug|Any CPU
		{9BA471E2-F36D-44B0-8141-363169E84F56}.Release|Any CPU.ActiveCfg = Release|Any CPU
		{9BA471E2-F36D-44B0-8141-363169E84F56}.Release|Any CPU.Build.0 = Release|Any CPU
	EndGlobalSection
EndGlobal
